
Microsoft Visual Studio Solution File, Format Version 12.00
# Visual Studio Version 16
VisualStudioVersion = 16.0.30406.217
MinimumVisualStudioVersion = 10.0.40219.1
Project("{9A19103F-16F7-4668-BE54-9A1E7A4F7556}") = "MicrowaveControllerConsole", "MicrowaveControllerConsole\MicrowaveControllerConsole.csproj", "{36C87200-DF47-4ADB-847C-B99650077C7F}"
EndProject
Project("{9A19103F-16F7-4668-BE54-9A1E7A4F7556}") = "Microwave.Hardware.Interfaces", "Microwave.Hardware.Interfaces\Microwave.Hardware.Interfaces.csproj", "{E1E97FFC-8E8B-4412-81F0-66D4B547231C}"
EndProject
Project("{9A19103F-16F7-4668-BE54-9A1E7A4F7556}") = "Microwave.Hardware.Fakes", "Microwave.Hardware.Fakes\Microwave.Hardware.Fakes.csproj", "{A3F69271-B773-45C8-9B0B-CCC7E6474035}"
EndProject
Project("{9A19103F-16F7-4668-BE54-9A1E7A4F7556}") = "Microwave.Controller", "Microwave.Controller\Microwave.Controller.csproj", "{13797913-F433-4DBB-82C2-0DDC732FB328}"
EndProject
Project("{2150E333-8FDC-42A3-9474-1A3956D46DE8}") = "Solution Items", "Solution Items", "{FC636230-6E72-433E-8DAC-8E2B948A9423}"
	ProjectSection(SolutionItems) = preProject
		DeveloperNotes.txt = DeveloperNotes.txt
	EndProjectSection
EndProject
Global
	GlobalSection(SolutionConfigurationPlatforms) = preSolution
		Debug|Any CPU = Debug|Any CPU
		Release|Any CPU = Release|Any CPU
	EndGlobalSection
	GlobalSection(ProjectConfigurationPlatforms) = postSolution
		{36C87200-DF47-4ADB-847C-B99650077C7F}.Debug|Any CPU.ActiveCfg = Debug|Any CPU
		{36C87200-DF47-4ADB-847C-B99650077C7F}.Debug|Any CPU.Build.0 = Debug|Any CPU
		{36C87200-DF47-4ADB-847C-B99650077C7F}.Release|Any CPU.ActiveCfg = Release|Any CPU
		{36C87200-DF47-4ADB-847C-B99650077C7F}.Release|Any CPU.Build.0 = Release|Any CPU
		{E1E97FFC-8E8B-4412-81F0-66D4B547231C}.Debug|Any CPU.ActiveCfg = Debug|Any CPU
		{E1E97FFC-8E8B-4412-81F0-66D4B547231C}.Debug|Any CPU.Build.0 = Debug|Any CPU
		{E1E97FFC-8E8B-4412-81F0-66D4B547231C}.Release|Any CPU.ActiveCfg = Release|Any CPU
		{E1E97FFC-8E8B-4412-81F0-66D4B547231C}.Release|Any CPU.Build.0 = Release|Any CPU
		{A3F69271-B773-45C8-9B0B-CCC7E6474035}.Debug|Any CPU.ActiveCfg = Debug|Any CPU
		{A3F69271-B773-45C8-9B0B-CCC7E6474035}.Debug|Any CPU.Build.0 = Debug|Any CPU
		{A3F69271-B773-45C8-9B0B-CCC7E6474035}.Release|Any CPU.ActiveCfg = Release|Any CPU
		{A3F69271-B773-45C8-9B0B-CCC7E6474035}.Release|Any CPU.Build.0 = Release|Any CPU
		{13797913-F433-4DBB-82C2-0DDC732FB328}.Debug|Any CPU.ActiveCfg = Debug|Any CPU
		{13797913-F433-4DBB-82C2-0DDC732FB328}.Debug|Any CPU.Build.0 = Debug|Any CPU
		{13797913-F433-4DBB-82C2-0DDC732FB328}.Release|Any CPU.ActiveCfg = Release|Any CPU
		{13797913-F433-4DBB-82C2-0DDC732FB328}.Release|Any CPU.Build.0 = Release|Any CPU
	EndGlobalSection
	GlobalSection(SolutionProperties) = preSolution
		HideSolutionNode = FALSE
	EndGlobalSection
	GlobalSection(ExtensibilityGlobals) = postSolution
		SolutionGuid = {C9E476FB-07A8-4ABD-A38E-998EE40C4817}
	EndGlobalSection
EndGlobal
